
Microsoft Visual Studio Solution File, Format Version 12.00
# Visual Studio 14
VisualStudioVersion = 14.0.25420.1
MinimumVisualStudioVersion = 10.0.40219.1
Project("{FAE04EC0-301F-11D3-BF4B-00C04F79EFBC}") = "Linq Task", "Linq Task\Linq Task.csproj", "{D8E2CC60-715C-4BE7-BCA1-659DCBDDB04B}"
EndProject
Project("{FAE04EC0-301F-11D3-BF4B-00C04F79EFBC}") = "Linq TaskTests", "Linq TaskTests\Linq TaskTests.csproj", "{F1596B2F-6465-4372-BD18-4ECC3447C786}"
EndProject
Global
	GlobalSection(SolutionConfigurationPlatforms) = preSolution
		Debug|Any CPU = Debug|Any CPU
		Release|Any CPU = Release|Any CPU
	EndGlobalSection
	GlobalSection(ProjectConfigurationPlatforms) = postSolution
		{D8E2CC60-715C-4BE7-BCA1-659DCBDDB04B}.Debug|Any CPU.ActiveCfg = Debug|Any CPU
		{D8E2CC60-715C-4BE7-BCA1-659DCBDDB04B}.Debug|Any CPU.Build.0 = Debug|Any CPU
		{D8E2CC60-715C-4BE7-BCA1-659DCBDDB04B}.Release|Any CPU.ActiveCfg = Release|Any CPU
		{D8E2CC60-715C-4BE7-BCA1-659DCBDDB04B}.Release|Any CPU.Build.0 = Release|Any CPU
		{F1596B2F-6465-4372-BD18-4ECC3447C786}.Debug|Any CPU.ActiveCfg = Debug|Any CPU
		{F1596B2F-6465-4372-BD18-4ECC3447C786}.Debug|Any CPU.Build.0 = Debug|Any CPU
		{F1596B2F-6465-4372-BD18-4ECC3447C786}.Release|Any CPU.ActiveCfg = Release|Any CPU
		{F1596B2F-6465-4372-BD18-4ECC3447C786}.Release|Any CPU.Build.0 = Release|Any CPU
	EndGlobalSection
	GlobalSection(SolutionProperties) = preSolution
		HideSolutionNode = FALSE
	EndGlobalSection
EndGlobal
